
Microsoft Visual Studio Solution File, Format Version 12.00
# Visual Studio Version 17
VisualStudioVersion = 17.6.33723.286
MinimumVisualStudioVersion = 10.0.40219.1
Project("{FAE04EC0-301F-11D3-BF4B-00C04F79EFBC}") = "Backend", "Backend.csproj", "{BDC4CC17-D731-4AB1-99A7-61A3DF50EC51}"
EndProject
Global
	GlobalSection(SolutionConfigurationPlatforms) = preSolution
		Debug|Any CPU = Debug|Any CPU
		Release|Any CPU = Release|Any CPU
	EndGlobalSection
	GlobalSection(ProjectConfigurationPlatforms) = postSolution
		{BDC4CC17-D731-4AB1-99A7-61A3DF50EC51}.Debug|Any CPU.ActiveCfg = Debug|Any CPU
		{BDC4CC17-D731-4AB1-99A7-61A3DF50EC51}.Debug|Any CPU.Build.0 = Debug|Any CPU
		{BDC4CC17-D731-4AB1-99A7-61A3DF50EC51}.Release|Any CPU.ActiveCfg = Release|Any CPU
		{BDC4CC17-D731-4AB1-99A7-61A3DF50EC51}.Release|Any CPU.Build.0 = Release|Any CPU
	EndGlobalSection
	GlobalSection(SolutionProperties) = preSolution
		HideSolutionNode = FALSE
	EndGlobalSection
	GlobalSection(ExtensibilityGlobals) = postSolution
		SolutionGuid = {FC72B3C7-C12D-40CB-B670-FBF8360F9155}
	EndGlobalSection
EndGlobal
